
Microsoft Visual Studio Solution File, Format Version 12.00
# Visual Studio 2013
VisualStudioVersion = 12.0.30723.0
MinimumVisualStudioVersion = 10.0.40219.1
Project("{FAE04EC0-301F-11D3-BF4B-00C04F79EFBC}") = "DocMatch", "StringMatchPrototype\DocMatch.csproj", "{3B92A85F-3E8F-4994-80E0-E09FB35016CF}"
EndProject
Project("{FAE04EC0-301F-11D3-BF4B-00C04F79EFBC}") = "ReadMatchResult", "ReadMatchResult\ReadMatchResult.csproj", "{E2612B8B-5953-4FF4-AA81-521685AADEED}"
EndProject
Project("{FAE04EC0-301F-11D3-BF4B-00C04F79EFBC}") = "ExactDupDetector", "ExactDupDetector\ExactDupDetector.csproj", "{7F5E80DC-F470-44AA-AB10-E97D0FC208BB}"
EndProject
Global
	GlobalSection(SolutionConfigurationPlatforms) = preSolution
		Debug|Any CPU = Debug|Any CPU
		Debug|x64 = Debug|x64
		Debug|x86 = Debug|x86
		Release|Any CPU = Release|Any CPU
		Release|x64 = Release|x64
		Release|x86 = Release|x86
	EndGlobalSection
	GlobalSection(ProjectConfigurationPlatforms) = postSolution
		{3B92A85F-3E8F-4994-80E0-E09FB35016CF}.Debug|Any CPU.ActiveCfg = Debug|Any CPU
		{3B92A85F-3E8F-4994-80E0-E09FB35016CF}.Debug|Any CPU.Build.0 = Debug|Any CPU
		{3B92A85F-3E8F-4994-80E0-E09FB35016CF}.Debug|x64.ActiveCfg = Debug|x64
		{3B92A85F-3E8F-4994-80E0-E09FB35016CF}.Debug|x64.Build.0 = Debug|x64
		{3B92A85F-3E8F-4994-80E0-E09FB35016CF}.Debug|x86.ActiveCfg = Debug|x86
		{3B92A85F-3E8F-4994-80E0-E09FB35016CF}.Debug|x86.Build.0 = Debug|x86
		{3B92A85F-3E8F-4994-80E0-E09FB35016CF}.Release|Any CPU.ActiveCfg = Release|Any CPU
		{3B92A85F-3E8F-4994-80E0-E09FB35016CF}.Release|Any CPU.Build.0 = Release|Any CPU
		{3B92A85F-3E8F-4994-80E0-E09FB35016CF}.Release|x64.ActiveCfg = Release|x64
		{3B92A85F-3E8F-4994-80E0-E09FB35016CF}.Release|x64.Build.0 = Release|x64
		{3B92A85F-3E8F-4994-80E0-E09FB35016CF}.Release|x86.ActiveCfg = Release|x64
		{3B92A85F-3E8F-4994-80E0-E09FB35016CF}.Release|x86.Build.0 = Release|x64
		{E2612B8B-5953-4FF4-AA81-521685AADEED}.Debug|Any CPU.ActiveCfg = Debug|Any CPU
		{E2612B8B-5953-4FF4-AA81-521685AADEED}.Debug|Any CPU.Build.0 = Debug|Any CPU
		{E2612B8B-5953-4FF4-AA81-521685AADEED}.Debug|x64.ActiveCfg = Debug|x86
		{E2612B8B-5953-4FF4-AA81-521685AADEED}.Debug|x86.ActiveCfg = Debug|x86
		{E2612B8B-5953-4FF4-AA81-521685AADEED}.Debug|x86.Build.0 = Debug|x86
		{E2612B8B-5953-4FF4-AA81-521685AADEED}.Release|Any CPU.ActiveCfg = Release|Any CPU
		{E2612B8B-5953-4FF4-AA81-521685AADEED}.Release|Any CPU.Build.0 = Release|Any CPU
		{E2612B8B-5953-4FF4-AA81-521685AADEED}.Release|x64.ActiveCfg = Release|x64
		{E2612B8B-5953-4FF4-AA81-521685AADEED}.Release|x64.Build.0 = Release|x64
		{E2612B8B-5953-4FF4-AA81-521685AADEED}.Release|x86.ActiveCfg = Release|x86
		{E2612B8B-5953-4FF4-AA81-521685AADEED}.Release|x86.Build.0 = Release|x86
		{7F5E80DC-F470-44AA-AB10-E97D0FC208BB}.Debug|Any CPU.ActiveCfg = Debug|Any CPU
		{7F5E80DC-F470-44AA-AB10-E97D0FC208BB}.Debug|Any CPU.Build.0 = Debug|Any CPU
		{7F5E80DC-F470-44AA-AB10-E97D0FC208BB}.Debug|x64.ActiveCfg = Debug|x86
		{7F5E80DC-F470-44AA-AB10-E97D0FC208BB}.Debug|x86.ActiveCfg = Debug|x86
		{7F5E80DC-F470-44AA-AB10-E97D0FC208BB}.Debug|x86.Build.0 = Debug|x86
		{7F5E80DC-F470-44AA-AB10-E97D0FC208BB}.Release|Any CPU.ActiveCfg = Release|Any CPU
		{7F5E80DC-F470-44AA-AB10-E97D0FC208BB}.Release|Any CPU.Build.0 = Release|Any CPU
		{7F5E80DC-F470-44AA-AB10-E97D0FC208BB}.Release|x64.ActiveCfg = Release|x64
		{7F5E80DC-F470-44AA-AB10-E97D0FC208BB}.Release|x64.Build.0 = Release|x64
		{7F5E80DC-F470-44AA-AB10-E97D0FC208BB}.Release|x86.ActiveCfg = Release|x86
		{7F5E80DC-F470-44AA-AB10-E97D0FC208BB}.Release|x86.Build.0 = Release|x86
	EndGlobalSection
	GlobalSection(SolutionProperties) = preSolution
		HideSolutionNode = FALSE
	EndGlobalSection
EndGlobal
